# This file is generated by running "yarn install" inside your project.
# Manual changes might be lost - proceed with caution!

__metadata:
  version: 4

"primary@workspace:packages/primary":
  version: 0.0.0-use.local
  resolution: "primary@workspace:packages/primary"
  languageName: unknown
  linkType: soft

"root-workspace@workspace:.":
  version: 0.0.0-use.local
  resolution: "root-workspace@workspace:."
  languageName: unknown
  linkType: soft

"secondary@workspace:packages/secondary":
  version: 0.0.0-use.local
  resolution: "secondary@workspace:packages/secondary"
  languageName: unknown
  linkType: soft

"tertiary@workspace:packages/tertiary":
  version: 0.0.0-use.local
  resolution: "tertiary@workspace:packages/tertiary"
  languageName: unknown
  linkType: soft
